
Microsoft Visual Studio Solution File, Format Version 12.00
# Visual Studio Version 16
VisualStudioVersion = 16.0.31321.278
MinimumVisualStudioVersion = 10.0.40219.1
Project("{FAE04EC0-301F-11D3-BF4B-00C04F79EFBC}") = "RabbitMQ_CURD", "RabbitMQ_CURD.csproj", "{7A2F969F-18F6-4ED2-96BA-F71FC25E2C12}"
EndProject
Global
	GlobalSection(SolutionConfigurationPlatforms) = preSolution
		Debug|Any CPU = Debug|Any CPU
		Release|Any CPU = Release|Any CPU
	EndGlobalSection
	GlobalSection(ProjectConfigurationPlatforms) = postSolution
		{7A2F969F-18F6-4ED2-96BA-F71FC25E2C12}.Debug|Any CPU.ActiveCfg = Debug|Any CPU
		{7A2F969F-18F6-4ED2-96BA-F71FC25E2C12}.Debug|Any CPU.Build.0 = Debug|Any CPU
		{7A2F969F-18F6-4ED2-96BA-F71FC25E2C12}.Release|Any CPU.ActiveCfg = Release|Any CPU
		{7A2F969F-18F6-4ED2-96BA-F71FC25E2C12}.Release|Any CPU.Build.0 = Release|Any CPU
	EndGlobalSection
	GlobalSection(SolutionProperties) = preSolution
		HideSolutionNode = FALSE
	EndGlobalSection
	GlobalSection(ExtensibilityGlobals) = postSolution
		SolutionGuid = {36C0F407-502E-4C57-8BD0-0301CA5E44BF}
	EndGlobalSection
EndGlobal
